
Microsoft Visual Studio Solution File, Format Version 12.00
# Visual Studio Version 17
VisualStudioVersion = 17.0.31919.166
MinimumVisualStudioVersion = 10.0.40219.1
Project("{FAE04EC0-301F-11D3-BF4B-00C04F79EFBC}") = "SpreadHopeTees", "SpreadHopeTees\SpreadHopeTees.csproj", "{57631739-09E0-4C07-9E15-3607075D6BE7}"
EndProject
Global
	GlobalSection(SolutionConfigurationPlatforms) = preSolution
		Debug|Any CPU = Debug|Any CPU
		Release|Any CPU = Release|Any CPU
	EndGlobalSection
	GlobalSection(ProjectConfigurationPlatforms) = postSolution
		{57631739-09E0-4C07-9E15-3607075D6BE7}.Debug|Any CPU.ActiveCfg = Debug|Any CPU
		{57631739-09E0-4C07-9E15-3607075D6BE7}.Debug|Any CPU.Build.0 = Debug|Any CPU
		{57631739-09E0-4C07-9E15-3607075D6BE7}.Release|Any CPU.ActiveCfg = Release|Any CPU
		{57631739-09E0-4C07-9E15-3607075D6BE7}.Release|Any CPU.Build.0 = Release|Any CPU
	EndGlobalSection
	GlobalSection(SolutionProperties) = preSolution
		HideSolutionNode = FALSE
	EndGlobalSection
	GlobalSection(ExtensibilityGlobals) = postSolution
		SolutionGuid = {C1568E14-DCA8-4377-A8E5-FD9328B72B43}
	EndGlobalSection
EndGlobal
